
Microsoft Visual Studio Solution File, Format Version 12.00
# Visual Studio 15
VisualStudioVersion = 15.0.28307.852
MinimumVisualStudioVersion = 10.0.40219.1
Project("{8BC9CEB8-8B4A-11D0-8D11-00A0C91BC942}") = "MissionScanner", "MissionScanner.vcxproj", "{AC1CA411-8E09-4F40-A672-6A2D98AB3ECB}"
EndProject
Project("{8BC9CEB8-8B4A-11D0-8D11-00A0C91BC942}") = "OP2Utility", "OP2Utility\OP2Utility.vcxproj", "{980D53D9-F9E2-4682-9307-1303C9E42313}"
EndProject
Global
	GlobalSection(SolutionConfigurationPlatforms) = preSolution
		Debug|x86 = Debug|x86
		Release|x86 = Release|x86
	EndGlobalSection
	GlobalSection(ProjectConfigurationPlatforms) = postSolution
		{AC1CA411-8E09-4F40-A672-6A2D98AB3ECB}.Debug|x86.ActiveCfg = Debug|Win32
		{AC1CA411-8E09-4F40-A672-6A2D98AB3ECB}.Debug|x86.Build.0 = Debug|Win32
		{AC1CA411-8E09-4F40-A672-6A2D98AB3ECB}.Release|x86.ActiveCfg = Release|Win32
		{AC1CA411-8E09-4F40-A672-6A2D98AB3ECB}.Release|x86.Build.0 = Release|Win32
		{980D53D9-F9E2-4682-9307-1303C9E42313}.Debug|x86.ActiveCfg = Debug|Win32
		{980D53D9-F9E2-4682-9307-1303C9E42313}.Debug|x86.Build.0 = Debug|Win32
		{980D53D9-F9E2-4682-9307-1303C9E42313}.Release|x86.ActiveCfg = Release|Win32
		{980D53D9-F9E2-4682-9307-1303C9E42313}.Release|x86.Build.0 = Release|Win32
	EndGlobalSection
	GlobalSection(SolutionProperties) = preSolution
		HideSolutionNode = FALSE
	EndGlobalSection
	GlobalSection(ExtensibilityGlobals) = postSolution
		SolutionGuid = {43D32538-E558-42F6-BB89-FD3BEBBF1E9D}
	EndGlobalSection
EndGlobal
