<?xml version="1.0" encoding="utf-8"?>
<Project ToolsVersion="4.0" xmlns="http://schemas.microsoft.com/developer/msbuild/2003">
  <ItemGroup>
    <Filter Include="Resource Files">
      <UniqueIdentifier>{67DA6AB6-F800-4c08-8B7A-83BB121AAD01}</UniqueIdentifier>
      <Extensions>rc;ico;cur;bmp;dlg;rc2;rct;bin;rgs;gif;jpg;jpeg;jpe;resx;tiff;tif;png;wav;mfcribbon-ms</Extensions>
    </Filter>
  </ItemGroup>
  <ItemGroup>
    <ClCompile Include="MissionScanner.cpp" />
    <ClCompile Include="MissionTable.cpp" />
    <ClCompile Include="DllExportReader32.cpp" />
  </ItemGroup>
  <ItemGroup>
    <ClInclude Include="LocalResource.h" />
    <ClInclude Include="resource.h" />
    <ClInclude Include="MissionTable.h" />
    <ClInclude Include="PEDataStructures.h" />
    <ClInclude Include="DllExportReader32.h" />
  </ItemGroup>
  <ItemGroup>
    <ResourceCompile Include="MissionScanner.rc">
      <Filter>Resource Files</Filter>
    </ResourceCompile>
  </ItemGroup>
</Project>